
Microsoft Visual Studio Solution File, Format Version 12.00
# Visual Studio Version 16
VisualStudioVersion = 16.0.29613.14
MinimumVisualStudioVersion = 10.0.40219.1
Project("{FAE04EC0-301F-11D3-BF4B-00C04F79EFBC}") = "PokemonAutomation", "PokemonAutomation\PokemonAutomation.csproj", "{6214C934-322A-448F-977C-261C7AA69BEC}"
EndProject
Global
	GlobalSection(SolutionConfigurationPlatforms) = preSolution
		Debug|Any CPU = Debug|Any CPU
		Release|Any CPU = Release|Any CPU
	EndGlobalSection
	GlobalSection(ProjectConfigurationPlatforms) = postSolution
		{6214C934-322A-448F-977C-261C7AA69BEC}.Debug|Any CPU.ActiveCfg = Debug|Any CPU
		{6214C934-322A-448F-977C-261C7AA69BEC}.Debug|Any CPU.Build.0 = Debug|Any CPU
		{6214C934-322A-448F-977C-261C7AA69BEC}.Release|Any CPU.ActiveCfg = Release|Any CPU
		{6214C934-322A-448F-977C-261C7AA69BEC}.Release|Any CPU.Build.0 = Release|Any CPU
	EndGlobalSection
	GlobalSection(SolutionProperties) = preSolution
		HideSolutionNode = FALSE
	EndGlobalSection
	GlobalSection(ExtensibilityGlobals) = postSolution
		SolutionGuid = {520E7BDB-1B45-4837-B75A-DDBDCEA29A20}
	EndGlobalSection
EndGlobal
